// !$*UTF8*$!
{
	archiveVersion = 1;
	classes = {
	};
	objectVersion = 46;
	objects = {

/* Begin PBXBuildFile section */
		291846DD1F31635B00CD0B72 /* Alert Message.swift in Sources */ = {isa = PBXBuildFile; fileRef = 291846DC1F31635B00CD0B72 /* Alert Message.swift */; };
		296666AD1F308E67005F8625 /* CoreData.xcdatamodeld in Sources */ = {isa = PBXBuildFile; fileRef = 296666AB1F308E66005F8625 /* CoreData.xcdatamodeld */; };
		297960FF1F2F77FE006CC0B4 /* AppDelegate.swift in Sources */ = {isa = PBXBuildFile; fileRef = 297960FE1F2F77FE006CC0B4 /* AppDelegate.swift */; };
		297961011F2F77FE006CC0B4 /* MoviesViewController.swift in Sources */ = {isa = PBXBuildFile; fileRef = 297961001F2F77FE006CC0B4 /* MoviesViewController.swift */; };
		297961031F2F77FE006CC0B4 /* SerialsViewController.swift in Sources */ = {isa = PBXBuildFile; fileRef = 297961021F2F77FE006CC0B4 /* SerialsViewController.swift */; };
		297961061F2F77FE006CC0B4 /* Main.storyboard in Resources */ = {isa = PBXBuildFile; fileRef = 297961041F2F77FE006CC0B4 /* Main.storyboard */; };
		297961081F2F77FE006CC0B4 /* Assets.xcassets in Resources */ = {isa = PBXBuildFile; fileRef = 297961071F2F77FE006CC0B4 /* Assets.xcassets */; };
		2979610B1F2F77FE006CC0B4 /* LaunchScreen.storyboard in Resources */ = {isa = PBXBuildFile; fileRef = 297961091F2F77FE006CC0B4 /* LaunchScreen.storyboard */; };
		297961151F2F7907006CC0B4 /* SerialsTableViewCell.swift in Sources */ = {isa = PBXBuildFile; fileRef = 297961141F2F7907006CC0B4 /* SerialsTableViewCell.swift */; };
		297961191F2F8BCF006CC0B4 /* MovieDetailsViewController.swift in Sources */ = {isa = PBXBuildFile; fileRef = 297961181F2F8BCF006CC0B4 /* MovieDetailsViewController.swift */; };
		2979611D1F2F8D41006CC0B4 /* MoviesTableViewCell.swift in Sources */ = {isa = PBXBuildFile; fileRef = 2979611C1F2F8D41006CC0B4 /* MoviesTableViewCell.swift */; };
		2979611F1F2F95AD006CC0B4 /* SerialDetailsViewController.swift in Sources */ = {isa = PBXBuildFile; fileRef = 2979611E1F2F95AD006CC0B4 /* SerialDetailsViewController.swift */; };
		298EEA8E1F3097E900F220CE /* FavouriteViewController.swift in Sources */ = {isa = PBXBuildFile; fileRef = 298EEA8D1F3097E900F220CE /* FavouriteViewController.swift */; };
		298EEA901F3097F800F220CE /* FavouriteTableViewCell.swift in Sources */ = {isa = PBXBuildFile; fileRef = 298EEA8F1F3097F800F220CE /* FavouriteTableViewCell.swift */; };
		29AD52B61F2FAFD2003D333E /* loading + sheckingForConnection.swift in Sources */ = {isa = PBXBuildFile; fileRef = 29AD52B51F2FAFD2003D333E /* loading + sheckingForConnection.swift */; };
		29AD52BA1F2FDC6B003D333E /* SearchViewController.swift in Sources */ = {isa = PBXBuildFile; fileRef = 29AD52B91F2FDC6B003D333E /* SearchViewController.swift */; };
		29AD52BC1F2FE0C5003D333E /* SearchTableViewCell.swift in Sources */ = {isa = PBXBuildFile; fileRef = 29AD52BB1F2FE0C5003D333E /* SearchTableViewCell.swift */; };
		29AD52BE1F2FF050003D333E /* SecondSearchViewController.swift in Sources */ = {isa = PBXBuildFile; fileRef = 29AD52BD1F2FF050003D333E /* SecondSearchViewController.swift */; };
		29AD52C01F2FF062003D333E /* SecondSearchTableViewCell.swift in Sources */ = {isa = PBXBuildFile; fileRef = 29AD52BF1F2FF062003D333E /* SecondSearchTableViewCell.swift */; };
		E4477FA64CBE24C531342B09 /* Pods_moviesTestProgect.framework in Frameworks */ = {isa = PBXBuildFile; fileRef = 108CBAA0072D17690F692AFD /* Pods_moviesTestProgect.framework */; };
/* End PBXBuildFile section */

/* Begin PBXFileReference section */
		108CBAA0072D17690F692AFD /* Pods_moviesTestProgect.framework */ = {isa = PBXFileReference; explicitFileType = wrapper.framework; includeInIndex = 0; path = Pods_moviesTestProgect.framework; sourceTree = BUILT_PRODUCTS_DIR; };
		291846DC1F31635B00CD0B72 /* Alert Message.swift */ = {isa = PBXFileReference; fileEncoding = 4; lastKnownFileType = sourcecode.swift; path = "Alert Message.swift"; sourceTree = "<group>"; };
		296666AC1F308E67005F8625 /* CoreData.xcdatamodel */ = {isa = PBXFileReference; lastKnownFileType = wrapper.xcdatamodel; path = CoreData.xcdatamodel; sourceTree = "<group>"; };
		297960FB1F2F77FE006CC0B4 /* moviesTestProgect.app */ = {isa = PBXFileReference; explicitFileType = wrapper.application; includeInIndex = 0; path = moviesTestProgect.app; sourceTree = BUILT_PRODUCTS_DIR; };
		297960FE1F2F77FE006CC0B4 /* AppDelegate.swift */ = {isa = PBXFileReference; lastKnownFileType = sourcecode.swift; name = AppDelegate.swift; path = moviesTestProgect/AppDelegate.swift; sourceTree = "<group>"; };
		297961001F2F77FE006CC0B4 /* MoviesViewController.swift */ = {isa = PBXFileReference; lastKnownFileType = sourcecode.swift; path = MoviesViewController.swift; sourceTree = "<group>"; };
		297961021F2F77FE006CC0B4 /* SerialsViewController.swift */ = {isa = PBXFileReference; lastKnownFileType = sourcecode.swift; path = SerialsViewController.swift; sourceTree = "<group>"; };
		297961051F2F77FE006CC0B4 /* Base */ = {isa = PBXFileReference; lastKnownFileType = file.storyboard; name = Base; path = Base.lproj/Main.storyboard; sourceTree = "<group>"; };
		297961071F2F77FE006CC0B4 /* Assets.xcassets */ = {isa = PBXFileReference; lastKnownFileType = folder.assetcatalog; name = Assets.xcassets; path = moviesTestProgect/Assets.xcassets; sourceTree = "<group>"; };
		2979610A1F2F77FE006CC0B4 /* Base */ = {isa = PBXFileReference; lastKnownFileType = file.storyboard; name = Base; path = Base.lproj/LaunchScreen.storyboard; sourceTree = "<group>"; };
		2979610C1F2F77FE006CC0B4 /* Info.plist */ = {isa = PBXFileReference; lastKnownFileType = text.plist.xml; name = Info.plist; path = moviesTestProgect/Info.plist; sourceTree = "<group>"; };
		297961141F2F7907006CC0B4 /* SerialsTableViewCell.swift */ = {isa = PBXFileReference; fileEncoding = 4; lastKnownFileType = sourcecode.swift; path = SerialsTableViewCell.swift; sourceTree = "<group>"; };
		297961181F2F8BCF006CC0B4 /* MovieDetailsViewController.swift */ = {isa = PBXFileReference; fileEncoding = 4; lastKnownFileType = sourcecode.swift; path = MovieDetailsViewController.swift; sourceTree = "<group>"; };
		2979611C1F2F8D41006CC0B4 /* MoviesTableViewCell.swift */ = {isa = PBXFileReference; fileEncoding = 4; lastKnownFileType = sourcecode.swift; path = MoviesTableViewCell.swift; sourceTree = "<group>"; };
		2979611E1F2F95AD006CC0B4 /* SerialDetailsViewController.swift */ = {isa = PBXFileReference; fileEncoding = 4; lastKnownFileType = sourcecode.swift; path = SerialDetailsViewController.swift; sourceTree = "<group>"; };
		298EEA8D1F3097E900F220CE /* FavouriteViewController.swift */ = {isa = PBXFileReference; fileEncoding = 4; lastKnownFileType = sourcecode.swift; path = FavouriteViewController.swift; sourceTree = "<group>"; };
		298EEA8F1F3097F800F220CE /* FavouriteTableViewCell.swift */ = {isa = PBXFileReference; fileEncoding = 4; lastKnownFileType = sourcecode.swift; path = FavouriteTableViewCell.swift; sourceTree = "<group>"; };
		29AD52B51F2FAFD2003D333E /* loading + sheckingForConnection.swift */ = {isa = PBXFileReference; fileEncoding = 4; lastKnownFileType = sourcecode.swift; name = "loading + sheckingForConnection.swift"; path = "moviesTestProgect/loading + sheckingForConnection.swift"; sourceTree = "<group>"; };
		29AD52B91F2FDC6B003D333E /* SearchViewController.swift */ = {isa = PBXFileReference; fileEncoding = 4; lastKnownFileType = sourcecode.swift; path = SearchViewController.swift; sourceTree = "<group>"; };
		29AD52BB1F2FE0C5003D333E /* SearchTableViewCell.swift */ = {isa = PBXFileReference; fileEncoding = 4; lastKnownFileType = sourcecode.swift; name = SearchTableViewCell.swift; path = Assets.xcassets/SearchTableViewCell.swift; sourceTree = "<group>"; };
		29AD52BD1F2FF050003D333E /* SecondSearchViewController.swift */ = {isa = PBXFileReference; fileEncoding = 4; lastKnownFileType = sourcecode.swift; path = SecondSearchViewController.swift; sourceTree = "<group>"; };
		29AD52BF1F2FF062003D333E /* SecondSearchTableViewCell.swift */ = {isa = PBXFileReference; fileEncoding = 4; lastKnownFileType = sourcecode.swift; path = SecondSearchTableViewCell.swift; sourceTree = "<group>"; };
		6714394BD2006931BB5D322C /* Pods-moviesTestProgect.release.xcconfig */ = {isa = PBXFileReference; includeInIndex = 1; lastKnownFileType = text.xcconfig; name = "Pods-moviesTestProgect.release.xcconfig"; path = "Pods/Target Support Files/Pods-moviesTestProgect/Pods-moviesTestProgect.release.xcconfig"; sourceTree = "<group>"; };
		E6B3D4A4E333201C1EA736FC /* Pods-moviesTestProgect.debug.xcconfig */ = {isa = PBXFileReference; includeInIndex = 1; lastKnownFileType = text.xcconfig; name = "Pods-moviesTestProgect.debug.xcconfig"; path = "Pods/Target Support Files/Pods-moviesTestProgect/Pods-moviesTestProgect.debug.xcconfig"; sourceTree = "<group>"; };
/* End PBXFileReference section */

/* Begin PBXFrameworksBuildPhase section */
		297960F81F2F77FE006CC0B4 /* Frameworks */ = {
			isa = PBXFrameworksBuildPhase;
			buildActionMask = 2147483647;
			files = (
				E4477FA64CBE24C531342B09 /* Pods_moviesTestProgect.framework in Frameworks */,
			);
			runOnlyForDeploymentPostprocessing = 0;
		};
/* End PBXFrameworksBuildPhase section */

/* Begin PBXGroup section */
		297960F21F2F77FE006CC0B4 = {
			isa = PBXGroup;
			children = (
				297960FD1F2F77FE006CC0B4 /* moviesTestProgect */,
				297960FC1F2F77FE006CC0B4 /* Products */,
				8DBEE774F22B5245C803712C /* Pods */,
				55AA65978FFF8103C5DCB76E /* Frameworks */,
			);
			sourceTree = "<group>";
		};
		297960FC1F2F77FE006CC0B4 /* Products */ = {
			isa = PBXGroup;
			children = (
				297960FB1F2F77FE006CC0B4 /* moviesTestProgect.app */,
			);
			name = Products;
			sourceTree = "<group>";
		};
		297960FD1F2F77FE006CC0B4 /* moviesTestProgect */ = {
			isa = PBXGroup;
			children = (
				29C38E571F311577009FAA65 /* SupportingFiles */,
				2979611A1F2F8C68006CC0B4 /* ViewControllers */,
				2979611B1F2F8C90006CC0B4 /* Cells + APPDELEGATE */,
			);
			path = moviesTestProgect;
			sourceTree = "<group>";
		};
		2979611A1F2F8C68006CC0B4 /* ViewControllers */ = {
			isa = PBXGroup;
			children = (
				297961041F2F77FE006CC0B4 /* Main.storyboard */,
				298EEA8D1F3097E900F220CE /* FavouriteViewController.swift */,
				297961021F2F77FE006CC0B4 /* SerialsViewController.swift */,
				297961001F2F77FE006CC0B4 /* MoviesViewController.swift */,
				29AD52B91F2FDC6B003D333E /* SearchViewController.swift */,
				29AD52BD1F2FF050003D333E /* SecondSearchViewController.swift */,
				297961181F2F8BCF006CC0B4 /* MovieDetailsViewController.swift */,
				2979611E1F2F95AD006CC0B4 /* SerialDetailsViewController.swift */,
			);
			name = ViewControllers;
			sourceTree = "<group>";
		};
		2979611B1F2F8C90006CC0B4 /* Cells + APPDELEGATE */ = {
			isa = PBXGroup;
			children = (
				297961141F2F7907006CC0B4 /* SerialsTableViewCell.swift */,
				2979611C1F2F8D41006CC0B4 /* MoviesTableViewCell.swift */,
				29AD52BB1F2FE0C5003D333E /* SearchTableViewCell.swift */,
				29AD52BF1F2FF062003D333E /* SecondSearchTableViewCell.swift */,
				298EEA8F1F3097F800F220CE /* FavouriteTableViewCell.swift */,
			);
			name = "Cells + APPDELEGATE";
			sourceTree = "<group>";
		};
		29C38E571F311577009FAA65 /* SupportingFiles */ = {
			isa = PBXGroup;
			children = (
				296666AB1F308E66005F8625 /* CoreData.xcdatamodeld */,
				297960FE1F2F77FE006CC0B4 /* AppDelegate.swift */,
				29AD52B51F2FAFD2003D333E /* loading + sheckingForConnection.swift */,
				291846DC1F31635B00CD0B72 /* Alert Message.swift */,
				297961071F2F77FE006CC0B4 /* Assets.xcassets */,
				297961091F2F77FE006CC0B4 /* LaunchScreen.storyboard */,
				2979610C1F2F77FE006CC0B4 /* Info.plist */,
			);
			name = SupportingFiles;
			path = ..;
			sourceTree = "<group>";
		};
		55AA65978FFF8103C5DCB76E /* Frameworks */ = {
			isa = PBXGroup;
			children = (
				108CBAA0072D17690F692AFD /* Pods_moviesTestProgect.framework */,
			);
			name = Frameworks;
			sourceTree = "<group>";
		};
		8DBEE774F22B5245C803712C /* Pods */ = {
			isa = PBXGroup;
			children = (
				E6B3D4A4E333201C1EA736FC /* Pods-moviesTestProgect.debug.xcconfig */,
				6714394BD2006931BB5D322C /* Pods-moviesTestProgect.release.xcconfig */,
			);
			name = Pods;
			sourceTree = "<group>";
		};
/* End PBXGroup section */

/* Begin PBXNativeTarget section */
		297960FA1F2F77FE006CC0B4 /* moviesTestProgect */ = {
			isa = PBXNativeTarget;
			buildConfigurationList = 2979610F1F2F77FE006CC0B4 /* Build configuration list for PBXNativeTarget "moviesTestProgect" */;
			buildPhases = (
				FFE0D790D69251697D3EF0F7 /* [CP] Check Pods Manifest.lock */,
				297960F71F2F77FE006CC0B4 /* Sources */,
				297960F81F2F77FE006CC0B4 /* Frameworks */,
				297960F91F2F77FE006CC0B4 /* Resources */,
				B8F69A44F91A424BD8723270 /* [CP] Embed Pods Frameworks */,
				06906685AF924D3C6644CCB8 /* [CP] Copy Pods Resources */,
			);
			buildRules = (
			);
			dependencies = (
			);
			name = moviesTestProgect;
			productName = moviesTestProgect;
			productReference = 297960FB1F2F77FE006CC0B4 /* moviesTestProgect.app */;
			productType = "com.apple.product-type.application";
		};
/* End PBXNativeTarget section */

/* Begin PBXProject section */
		297960F31F2F77FE006CC0B4 /* Project object */ = {
			isa = PBXProject;
			attributes = {
				LastSwiftUpdateCheck = 0830;
				LastUpgradeCheck = 0830;
				ORGANIZATIONNAME = "Pavlo Kharambura";
				TargetAttributes = {
					297960FA1F2F77FE006CC0B4 = {
						CreatedOnToolsVersion = 8.3.3;
						DevelopmentTeam = 7ZBZB7WTZS;
						ProvisioningStyle = Automatic;
					};
				};
			};
			buildConfigurationList = 297960F61F2F77FE006CC0B4 /* Build configuration list for PBXProject "moviesTestProgect" */;
			compatibilityVersion = "Xcode 3.2";
			developmentRegion = English;
			hasScannedForEncodings = 0;
			knownRegions = (
				en,
				Base,
			);
			mainGroup = 297960F21F2F77FE006CC0B4;
			productRefGroup = 297960FC1F2F77FE006CC0B4 /* Products */;
			projectDirPath = "";
			projectRoot = "";
			targets = (
				297960FA1F2F77FE006CC0B4 /* moviesTestProgect */,
			);
		};
/* End PBXProject section */

/* Begin PBXResourcesBuildPhase section */
		297960F91F2F77FE006CC0B4 /* Resources */ = {
			isa = PBXResourcesBuildPhase;
			buildActionMask = 2147483647;
			files = (
				2979610B1F2F77FE006CC0B4 /* LaunchScreen.storyboard in Resources */,
				297961081F2F77FE006CC0B4 /* Assets.xcassets in Resources */,
				297961061F2F77FE006CC0B4 /* Main.storyboard in Resources */,
			);
			runOnlyForDeploymentPostprocessing = 0;
		};
/* End PBXResourcesBuildPhase section */

/* Begin PBXShellScriptBuildPhase section */
		06906685AF924D3C6644CCB8 /* [CP] Copy Pods Resources */ = {
			isa = PBXShellScriptBuildPhase;
			buildActionMask = 2147483647;
			files = (
			);
			inputPaths = (
			);
			name = "[CP] Copy Pods Resources";
			outputPaths = (
			);
			runOnlyForDeploymentPostprocessing = 0;
			shellPath = /bin/sh;
			shellScript = "\"${SRCROOT}/Pods/Target Support Files/Pods-moviesTestProgect/Pods-moviesTestProgect-resources.sh\"\n";
			showEnvVarsInLog = 0;
		};
		B8F69A44F91A424BD8723270 /* [CP] Embed Pods Frameworks */ = {
			isa = PBXShellScriptBuildPhase;
			buildActionMask = 2147483647;
			files = (
			);
			inputPaths = (
			);
			name = "[CP] Embed Pods Frameworks";
			outputPaths = (
			);
			runOnlyForDeploymentPostprocessing = 0;
			shellPath = /bin/sh;
			shellScript = "\"${SRCROOT}/Pods/Target Support Files/Pods-moviesTestProgect/Pods-moviesTestProgect-frameworks.sh\"\n";
			showEnvVarsInLog = 0;
		};
		FFE0D790D69251697D3EF0F7 /* [CP] Check Pods Manifest.lock */ = {
			isa = PBXShellScriptBuildPhase;
			buildActionMask = 2147483647;
			files = (
			);
			inputPaths = (
			);
			name = "[CP] Check Pods Manifest.lock";
			outputPaths = (
			);
			runOnlyForDeploymentPostprocessing = 0;
			shellPath = /bin/sh;
			shellScript = "diff \"${PODS_PODFILE_DIR_PATH}/Podfile.lock\" \"${PODS_ROOT}/Manifest.lock\" > /dev/null\nif [ $? != 0 ] ; then\n    # print error to STDERR\n    echo \"error: The sandbox is not in sync with the Podfile.lock. Run 'pod install' or update your CocoaPods installation.\" >&2\n    exit 1\nfi\n";
			showEnvVarsInLog = 0;
		};
/* End PBXShellScriptBuildPhase section */

/* Begin PBXSourcesBuildPhase section */
		297960F71F2F77FE006CC0B4 /* Sources */ = {
			isa = PBXSourcesBuildPhase;
			buildActionMask = 2147483647;
			files = (
				297961031F2F77FE006CC0B4 /* SerialsViewController.swift in Sources */,
				297960FF1F2F77FE006CC0B4 /* AppDelegate.swift in Sources */,
				297961151F2F7907006CC0B4 /* SerialsTableViewCell.swift in Sources */,
				296666AD1F308E67005F8625 /* CoreData.xcdatamodeld in Sources */,
				298EEA8E1F3097E900F220CE /* FavouriteViewController.swift in Sources */,
				29AD52BA1F2FDC6B003D333E /* SearchViewController.swift in Sources */,
				297961011F2F77FE006CC0B4 /* MoviesViewController.swift in Sources */,
				29AD52BE1F2FF050003D333E /* SecondSearchViewController.swift in Sources */,
				2979611D1F2F8D41006CC0B4 /* MoviesTableViewCell.swift in Sources */,
				297961191F2F8BCF006CC0B4 /* MovieDetailsViewController.swift in Sources */,
				29AD52B61F2FAFD2003D333E /* loading + sheckingForConnection.swift in Sources */,
				291846DD1F31635B00CD0B72 /* Alert Message.swift in Sources */,
				2979611F1F2F95AD006CC0B4 /* SerialDetailsViewController.swift in Sources */,
				29AD52BC1F2FE0C5003D333E /* SearchTableViewCell.swift in Sources */,
				298EEA901F3097F800F220CE /* FavouriteTableViewCell.swift in Sources */,
				29AD52C01F2FF062003D333E /* SecondSearchTableViewCell.swift in Sources */,
			);
			runOnlyForDeploymentPostprocessing = 0;
		};
/* End PBXSourcesBuildPhase section */

/* Begin PBXVariantGroup section */
		297961041F2F77FE006CC0B4 /* Main.storyboard */ = {
			isa = PBXVariantGroup;
			children = (
				297961051F2F77FE006CC0B4 /* Base */,
			);
			name = Main.storyboard;
			sourceTree = "<group>";
		};
		297961091F2F77FE006CC0B4 /* LaunchScreen.storyboard */ = {
			isa = PBXVariantGroup;
			children = (
				2979610A1F2F77FE006CC0B4 /* Base */,
			);
			name = LaunchScreen.storyboard;
			path = moviesTestProgect;
			sourceTree = "<group>";
		};
/* End PBXVariantGroup section */

/* Begin XCBuildConfiguration section */
		2979610D1F2F77FE006CC0B4 /* Debug */ = {
			isa = XCBuildConfiguration;
			buildSettings = {
				ALWAYS_SEARCH_USER_PATHS = NO;
				CLANG_ANALYZER_LOCALIZABILITY_NONLOCALIZED = YES;
				CLANG_ANALYZER_NONNULL = YES;
				CLANG_ANALYZER_NUMBER_OBJECT_CONVERSION = YES_AGGRESSIVE;
				CLANG_CXX_LANGUAGE_STANDARD = "gnu++0x";
				CLANG_CXX_LIBRARY = "libc++";
				CLANG_ENABLE_MODULES = YES;
				CLANG_ENABLE_OBJC_ARC = YES;
				CLANG_WARN_BOOL_CONVERSION = YES;
				CLANG_WARN_CONSTANT_CONVERSION = YES;
				CLANG_WARN_DIRECT_OBJC_ISA_USAGE = YES_ERROR;
				CLANG_WARN_DOCUMENTATION_COMMENTS = YES;
				CLANG_WARN_EMPTY_BODY = YES;
				CLANG_WARN_ENUM_CONVERSION = YES;
				CLANG_WARN_INFINITE_RECURSION = YES;
				CLANG_WARN_INT_CONVERSION = YES;
				CLANG_WARN_OBJC_ROOT_CLASS = YES_ERROR;
				CLANG_WARN_SUSPICIOUS_MOVE = YES;
				CLANG_WARN_UNREACHABLE_CODE = YES;
				CLANG_WARN__DUPLICATE_METHOD_MATCH = YES;
				"CODE_SIGN_IDENTITY[sdk=iphoneos*]" = "iPhone Developer";
				COPY_PHASE_STRIP = NO;
				DEBUG_INFORMATION_FORMAT = dwarf;
				ENABLE_STRICT_OBJC_MSGSEND = YES;
				ENABLE_TESTABILITY = YES;
				GCC_C_LANGUAGE_STANDARD = gnu99;
				GCC_DYNAMIC_NO_PIC = NO;
				GCC_NO_COMMON_BLOCKS = YES;
				GCC_OPTIMIZATION_LEVEL = 0;
				GCC_PREPROCESSOR_DEFINITIONS = (
					"DEBUG=1",
					"$(inherited)",
				);
				GCC_WARN_64_TO_32_BIT_CONVERSION = YES;
				GCC_WARN_ABOUT_RETURN_TYPE = YES_ERROR;
				GCC_WARN_UNDECLARED_SELECTOR = YES;
				GCC_WARN_UNINITIALIZED_AUTOS = YES_AGGRESSIVE;
				GCC_WARN_UNUSED_FUNCTION = YES;
				GCC_WARN_UNUSED_VARIABLE = YES;
				IPHONEOS_DEPLOYMENT_TARGET = 10.3;
				MTL_ENABLE_DEBUG_INFO = YES;
				ONLY_ACTIVE_ARCH = YES;
				SDKROOT = iphoneos;
				SWIFT_ACTIVE_COMPILATION_CONDITIONS = DEBUG;
				SWIFT_OPTIMIZATION_LEVEL = "-Onone";
				TARGETED_DEVICE_FAMILY = "1,2";
			};
			name = Debug;
		};
		2979610E1F2F77FE006CC0B4 /* Release */ = {
			isa = XCBuildConfiguration;
			buildSettings = {
				ALWAYS_SEARCH_USER_PATHS = NO;
				CLANG_ANALYZER_LOCALIZABILITY_NONLOCALIZED = YES;
				CLANG_ANALYZER_NONNULL = YES;
				CLANG_ANALYZER_NUMBER_OBJECT_CONVERSION = YES_AGGRESSIVE;
				CLANG_CXX_LANGUAGE_STANDARD = "gnu++0x";
				CLANG_CXX_LIBRARY = "libc++";
				CLANG_ENABLE_MODULES = YES;
				CLANG_ENABLE_OBJC_ARC = YES;
				CLANG_WARN_BOOL_CONVERSION = YES;
				CLANG_WARN_CONSTANT_CONVERSION = YES;
				CLANG_WARN_DIRECT_OBJC_ISA_USAGE = YES_ERROR;
				CLANG_WARN_DOCUMENTATION_COMMENTS = YES;
				CLANG_WARN_EMPTY_BODY = YES;
				CLANG_WARN_ENUM_CONVERSION = YES;
				CLANG_WARN_INFINITE_RECURSION = YES;
				CLANG_WARN_INT_CONVERSION = YES;
				CLANG_WARN_OBJC_ROOT_CLASS = YES_ERROR;
				CLANG_WARN_SUSPICIOUS_MOVE = YES;
				CLANG_WARN_UNREACHABLE_CODE = YES;
				CLANG_WARN__DUPLICATE_METHOD_MATCH = YES;
				"CODE_SIGN_IDENTITY[sdk=iphoneos*]" = "iPhone Developer";
				COPY_PHASE_STRIP = NO;
				DEBUG_INFORMATION_FORMAT = "dwarf-with-dsym";
				ENABLE_NS_ASSERTIONS = NO;
				ENABLE_STRICT_OBJC_MSGSEND = YES;
				GCC_C_LANGUAGE_STANDARD = gnu99;
				GCC_NO_COMMON_BLOCKS = YES;
				GCC_WARN_64_TO_32_BIT_CONVERSION = YES;
				GCC_WARN_ABOUT_RETURN_TYPE = YES_ERROR;
				GCC_WARN_UNDECLARED_SELECTOR = YES;
				GCC_WARN_UNINITIALIZED_AUTOS = YES_AGGRESSIVE;
				GCC_WARN_UNUSED_FUNCTION = YES;
				GCC_WARN_UNUSED_VARIABLE = YES;
				IPHONEOS_DEPLOYMENT_TARGET = 10.3;
				MTL_ENABLE_DEBUG_INFO = NO;
				SDKROOT = iphoneos;
				SWIFT_OPTIMIZATION_LEVEL = "-Owholemodule";
				TARGETED_DEVICE_FAMILY = "1,2";
				VALIDATE_PRODUCT = YES;
			};
			name = Release;
		};
		297961101F2F77FE006CC0B4 /* Debug */ = {
			isa = XCBuildConfiguration;
			baseConfigurationReference = E6B3D4A4E333201C1EA736FC /* Pods-moviesTestProgect.debug.xcconfig */;
			buildSettings = {
				ASSETCATALOG_COMPILER_APPICON_NAME = AppIcon;
				DEVELOPMENT_TEAM = 7ZBZB7WTZS;
				INFOPLIST_FILE = moviesTestProgect/Info.plist;
				IPHONEOS_DEPLOYMENT_TARGET = 10.3;
				LD_RUNPATH_SEARCH_PATHS = "$(inherited) @executable_path/Frameworks";
				PRODUCT_BUNDLE_IDENTIFIER = pasha.moviesTestProgect;
				PRODUCT_NAME = "$(TARGET_NAME)";
				SWIFT_VERSION = 3.0;
				TARGETED_DEVICE_FAMILY = "1,2";
			};
			name = Debug;
		};
		297961111F2F77FE006CC0B4 /* Release */ = {
			isa = XCBuildConfiguration;
			baseConfigurationReference = 6714394BD2006931BB5D322C /* Pods-moviesTestProgect.release.xcconfig */;
			buildSettings = {
				ASSETCATALOG_COMPILER_APPICON_NAME = AppIcon;
				DEVELOPMENT_TEAM = 7ZBZB7WTZS;
				INFOPLIST_FILE = moviesTestProgect/Info.plist;
				IPHONEOS_DEPLOYMENT_TARGET = 10.3;
				LD_RUNPATH_SEARCH_PATHS = "$(inherited) @executable_path/Frameworks";
				PRODUCT_BUNDLE_IDENTIFIER = pasha.moviesTestProgect;
				PRODUCT_NAME = "$(TARGET_NAME)";
				SWIFT_VERSION = 3.0;
				TARGETED_DEVICE_FAMILY = "1,2";
			};
			name = Release;
		};
/* End XCBuildConfiguration section */

/* Begin XCConfigurationList section */
		297960F61F2F77FE006CC0B4 /* Build configuration list for PBXProject "moviesTestProgect" */ = {
			isa = XCConfigurationList;
			buildConfigurations = (
				2979610D1F2F77FE006CC0B4 /* Debug */,
				2979610E1F2F77FE006CC0B4 /* Release */,
			);
			defaultConfigurationIsVisible = 0;
			defaultConfigurationName = Release;
		};
		2979610F1F2F77FE006CC0B4 /* Build configuration list for PBXNativeTarget "moviesTestProgect" */ = {
			isa = XCConfigurationList;
			buildConfigurations = (
				297961101F2F77FE006CC0B4 /* Debug */,
				297961111F2F77FE006CC0B4 /* Release */,
			);
			defaultConfigurationIsVisible = 0;
			defaultConfigurationName = Release;
		};
/* End XCConfigurationList section */

/* Begin XCVersionGroup section */
		296666AB1F308E66005F8625 /* CoreData.xcdatamodeld */ = {
			isa = XCVersionGroup;
			children = (
				296666AC1F308E67005F8625 /* CoreData.xcdatamodel */,
			);
			currentVersion = 296666AC1F308E67005F8625 /* CoreData.xcdatamodel */;
			path = CoreData.xcdatamodeld;
			sourceTree = "<group>";
			versionGroupType = wrapper.xcdatamodel;
		};
/* End XCVersionGroup section */
	};
	rootObject = 297960F31F2F77FE006CC0B4 /* Project object */;
}
